// !$*UTF8*$!
{
	archiveVersion = 1;
	classes = {
	};
	objectVersion = 50;
	objects = {

/* Begin PBXBuildFile section */
		37EECA0276F158483A480161 /* Pods_flix_app2UITests.framework in Frameworks */ = {isa = PBXBuildFile; fileRef = CD0546204C35A19B6E89595C /* Pods_flix_app2UITests.framework */; };
		61FCE45558897D2FB24259B1 /* Pods_flix_app2.framework in Frameworks */ = {isa = PBXBuildFile; fileRef = 7904D90734C75336BE99047B /* Pods_flix_app2.framework */; };
		897E6F63AF9A6164342B30E6 /* Pods_flix_app2Tests.framework in Frameworks */ = {isa = PBXBuildFile; fileRef = 366F1D0BCAFFF8649D672D5B /* Pods_flix_app2Tests.framework */; };
		B848A004216C14290081836B /* Movie.swift in Sources */ = {isa = PBXBuildFile; fileRef = B848A003216C14290081836B /* Movie.swift */; };
		B848A006216C51620081836B /* MovieApiManager.swift in Sources */ = {isa = PBXBuildFile; fileRef = B848A005216C51620081836B /* MovieApiManager.swift */; };
		B848A008216C5BEF0081836B /* PopularViewController.swift in Sources */ = {isa = PBXBuildFile; fileRef = B848A007216C5BEF0081836B /* PopularViewController.swift */; };
		B848A00A216C5DB50081836B /* PopularMovieCell.swift in Sources */ = {isa = PBXBuildFile; fileRef = B848A009216C5DB50081836B /* PopularMovieCell.swift */; };
		B88AC06621430ED00012C427 /* AppDelegate.swift in Sources */ = {isa = PBXBuildFile; fileRef = B88AC06521430ED00012C427 /* AppDelegate.swift */; };
		B88AC06B21430ED00012C427 /* Main.storyboard in Resources */ = {isa = PBXBuildFile; fileRef = B88AC06921430ED00012C427 /* Main.storyboard */; };
		B88AC06D21430ED30012C427 /* Assets.xcassets in Resources */ = {isa = PBXBuildFile; fileRef = B88AC06C21430ED30012C427 /* Assets.xcassets */; };
		B88AC07021430ED30012C427 /* LaunchScreen.storyboard in Resources */ = {isa = PBXBuildFile; fileRef = B88AC06E21430ED30012C427 /* LaunchScreen.storyboard */; };
		B88AC07B21430ED30012C427 /* flix_app2Tests.swift in Sources */ = {isa = PBXBuildFile; fileRef = B88AC07A21430ED30012C427 /* flix_app2Tests.swift */; };
		B88AC08621430ED30012C427 /* flix_app2UITests.swift in Sources */ = {isa = PBXBuildFile; fileRef = B88AC08521430ED30012C427 /* flix_app2UITests.swift */; };
		B88AC094214315F50012C427 /* MoviesViewController.swift in Sources */ = {isa = PBXBuildFile; fileRef = B88AC093214315F50012C427 /* MoviesViewController.swift */; };
		B88AC0962144716B0012C427 /* MovieCell.swift in Sources */ = {isa = PBXBuildFile; fileRef = B88AC0952144716B0012C427 /* MovieCell.swift */; };
		B8C36E1121488841007FDC2F /* DetailViewController.swift in Sources */ = {isa = PBXBuildFile; fileRef = B8C36E1021488841007FDC2F /* DetailViewController.swift */; };
		B8C36E13214892F5007FDC2F /* PosterCell.swift in Sources */ = {isa = PBXBuildFile; fileRef = B8C36E12214892F5007FDC2F /* PosterCell.swift */; };
		B8C36E1521489350007FDC2F /* SuperheroViewController.swift in Sources */ = {isa = PBXBuildFile; fileRef = B8C36E1421489350007FDC2F /* SuperheroViewController.swift */; };
/* End PBXBuildFile section */

/* Begin PBXContainerItemProxy section */
		B88AC07721430ED30012C427 /* PBXContainerItemProxy */ = {
			isa = PBXContainerItemProxy;
			containerPortal = B88AC05A21430ED00012C427 /* Project object */;
			proxyType = 1;
			remoteGlobalIDString = B88AC06121430ED00012C427;
			remoteInfo = flix_app2;
		};
		B88AC08221430ED30012C427 /* PBXContainerItemProxy */ = {
			isa = PBXContainerItemProxy;
			containerPortal = B88AC05A21430ED00012C427 /* Project object */;
			proxyType = 1;
			remoteGlobalIDString = B88AC06121430ED00012C427;
			remoteInfo = flix_app2;
		};
/* End PBXContainerItemProxy section */

/* Begin PBXFileReference section */
		16B3BE03A32E7B64C6500DD3 /* Pods-flix_app2Tests.debug.xcconfig */ = {isa = PBXFileReference; includeInIndex = 1; lastKnownFileType = text.xcconfig; name = "Pods-flix_app2Tests.debug.xcconfig"; path = "Pods/Target Support Files/Pods-flix_app2Tests/Pods-flix_app2Tests.debug.xcconfig"; sourceTree = "<group>"; };
		366F1D0BCAFFF8649D672D5B /* Pods_flix_app2Tests.framework */ = {isa = PBXFileReference; explicitFileType = wrapper.framework; includeInIndex = 0; path = Pods_flix_app2Tests.framework; sourceTree = BUILT_PRODUCTS_DIR; };
		39FBD69B58F9079BA1B875CE /* Pods-flix_app2UITests.release.xcconfig */ = {isa = PBXFileReference; includeInIndex = 1; lastKnownFileType = text.xcconfig; name = "Pods-flix_app2UITests.release.xcconfig"; path = "Pods/Target Support Files/Pods-flix_app2UITests/Pods-flix_app2UITests.release.xcconfig"; sourceTree = "<group>"; };
		4030B5BF7E571A066EE58990 /* Pods-flix_app2Tests.release.xcconfig */ = {isa = PBXFileReference; includeInIndex = 1; lastKnownFileType = text.xcconfig; name = "Pods-flix_app2Tests.release.xcconfig"; path = "Pods/Target Support Files/Pods-flix_app2Tests/Pods-flix_app2Tests.release.xcconfig"; sourceTree = "<group>"; };
		4DF4ABEF0B5B432BD3A6175C /* Pods-flix_app2.debug.xcconfig */ = {isa = PBXFileReference; includeInIndex = 1; lastKnownFileType = text.xcconfig; name = "Pods-flix_app2.debug.xcconfig"; path = "Pods/Target Support Files/Pods-flix_app2/Pods-flix_app2.debug.xcconfig"; sourceTree = "<group>"; };
		7904D90734C75336BE99047B /* Pods_flix_app2.framework */ = {isa = PBXFileReference; explicitFileType = wrapper.framework; includeInIndex = 0; path = Pods_flix_app2.framework; sourceTree = BUILT_PRODUCTS_DIR; };
		9754083CA67CBA3EB72410B7 /* Pods-flix_app2.release.xcconfig */ = {isa = PBXFileReference; includeInIndex = 1; lastKnownFileType = text.xcconfig; name = "Pods-flix_app2.release.xcconfig"; path = "Pods/Target Support Files/Pods-flix_app2/Pods-flix_app2.release.xcconfig"; sourceTree = "<group>"; };
		B848A003216C14290081836B /* Movie.swift */ = {isa = PBXFileReference; lastKnownFileType = sourcecode.swift; path = Movie.swift; sourceTree = "<group>"; };
		B848A005216C51620081836B /* MovieApiManager.swift */ = {isa = PBXFileReference; lastKnownFileType = sourcecode.swift; path = MovieApiManager.swift; sourceTree = "<group>"; };
		B848A007216C5BEF0081836B /* PopularViewController.swift */ = {isa = PBXFileReference; lastKnownFileType = sourcecode.swift; path = PopularViewController.swift; sourceTree = "<group>"; };
		B848A009216C5DB50081836B /* PopularMovieCell.swift */ = {isa = PBXFileReference; lastKnownFileType = sourcecode.swift; path = PopularMovieCell.swift; sourceTree = "<group>"; };
		B88AC06221430ED00012C427 /* flix_app2.app */ = {isa = PBXFileReference; explicitFileType = wrapper.application; includeInIndex = 0; path = flix_app2.app; sourceTree = BUILT_PRODUCTS_DIR; };
		B88AC06521430ED00012C427 /* AppDelegate.swift */ = {isa = PBXFileReference; lastKnownFileType = sourcecode.swift; path = AppDelegate.swift; sourceTree = "<group>"; };
		B88AC06A21430ED00012C427 /* Base */ = {isa = PBXFileReference; lastKnownFileType = file.storyboard; name = Base; path = Base.lproj/Main.storyboard; sourceTree = "<group>"; };
		B88AC06C21430ED30012C427 /* Assets.xcassets */ = {isa = PBXFileReference; lastKnownFileType = folder.assetcatalog; path = Assets.xcassets; sourceTree = "<group>"; };
		B88AC06F21430ED30012C427 /* Base */ = {isa = PBXFileReference; lastKnownFileType = file.storyboard; name = Base; path = Base.lproj/LaunchScreen.storyboard; sourceTree = "<group>"; };
		B88AC07121430ED30012C427 /* Info.plist */ = {isa = PBXFileReference; lastKnownFileType = text.plist.xml; path = Info.plist; sourceTree = "<group>"; };
		B88AC07621430ED30012C427 /* flix_app2Tests.xctest */ = {isa = PBXFileReference; explicitFileType = wrapper.cfbundle; includeInIndex = 0; path = flix_app2Tests.xctest; sourceTree = BUILT_PRODUCTS_DIR; };
		B88AC07A21430ED30012C427 /* flix_app2Tests.swift */ = {isa = PBXFileReference; lastKnownFileType = sourcecode.swift; path = flix_app2Tests.swift; sourceTree = "<group>"; };
		B88AC07C21430ED30012C427 /* Info.plist */ = {isa = PBXFileReference; lastKnownFileType = text.plist.xml; path = Info.plist; sourceTree = "<group>"; };
		B88AC08121430ED30012C427 /* flix_app2UITests.xctest */ = {isa = PBXFileReference; explicitFileType = wrapper.cfbundle; includeInIndex = 0; path = flix_app2UITests.xctest; sourceTree = BUILT_PRODUCTS_DIR; };
		B88AC08521430ED30012C427 /* flix_app2UITests.swift */ = {isa = PBXFileReference; lastKnownFileType = sourcecode.swift; path = flix_app2UITests.swift; sourceTree = "<group>"; };
		B88AC08721430ED30012C427 /* Info.plist */ = {isa = PBXFileReference; lastKnownFileType = text.plist.xml; path = Info.plist; sourceTree = "<group>"; };
		B88AC093214315F50012C427 /* MoviesViewController.swift */ = {isa = PBXFileReference; lastKnownFileType = sourcecode.swift; path = MoviesViewController.swift; sourceTree = "<group>"; };
		B88AC0952144716B0012C427 /* MovieCell.swift */ = {isa = PBXFileReference; lastKnownFileType = sourcecode.swift; path = MovieCell.swift; sourceTree = "<group>"; };
		B8C36E1021488841007FDC2F /* DetailViewController.swift */ = {isa = PBXFileReference; lastKnownFileType = sourcecode.swift; path = DetailViewController.swift; sourceTree = "<group>"; };
		B8C36E12214892F5007FDC2F /* PosterCell.swift */ = {isa = PBXFileReference; lastKnownFileType = sourcecode.swift; path = PosterCell.swift; sourceTree = "<group>"; };
		B8C36E1421489350007FDC2F /* SuperheroViewController.swift */ = {isa = PBXFileReference; lastKnownFileType = sourcecode.swift; path = SuperheroViewController.swift; sourceTree = "<group>"; };
		C049CB4A9CFB91B72D946100 /* Pods-flix_app2UITests.debug.xcconfig */ = {isa = PBXFileReference; includeInIndex = 1; lastKnownFileType = text.xcconfig; name = "Pods-flix_app2UITests.debug.xcconfig"; path = "Pods/Target Support Files/Pods-flix_app2UITests/Pods-flix_app2UITests.debug.xcconfig"; sourceTree = "<group>"; };
		CD0546204C35A19B6E89595C /* Pods_flix_app2UITests.framework */ = {isa = PBXFileReference; explicitFileType = wrapper.framework; includeInIndex = 0; path = Pods_flix_app2UITests.framework; sourceTree = BUILT_PRODUCTS_DIR; };
/* End PBXFileReference section */

/* Begin PBXFrameworksBuildPhase section */
		B88AC05F21430ED00012C427 /* Frameworks */ = {
			isa = PBXFrameworksBuildPhase;
			buildActionMask = 2147483647;
			files = (
				61FCE45558897D2FB24259B1 /* Pods_flix_app2.framework in Frameworks */,
			);
			runOnlyForDeploymentPostprocessing = 0;
		};
		B88AC07321430ED30012C427 /* Frameworks */ = {
			isa = PBXFrameworksBuildPhase;
			buildActionMask = 2147483647;
			files = (
				897E6F63AF9A6164342B30E6 /* Pods_flix_app2Tests.framework in Frameworks */,
			);
			runOnlyForDeploymentPostprocessing = 0;
		};
		B88AC07E21430ED30012C427 /* Frameworks */ = {
			isa = PBXFrameworksBuildPhase;
			buildActionMask = 2147483647;
			files = (
				37EECA0276F158483A480161 /* Pods_flix_app2UITests.framework in Frameworks */,
			);
			runOnlyForDeploymentPostprocessing = 0;
		};
/* End PBXFrameworksBuildPhase section */

/* Begin PBXGroup section */
		165EF08887C97692EEFA50E9 /* Frameworks */ = {
			isa = PBXGroup;
			children = (
				7904D90734C75336BE99047B /* Pods_flix_app2.framework */,
				366F1D0BCAFFF8649D672D5B /* Pods_flix_app2Tests.framework */,
				CD0546204C35A19B6E89595C /* Pods_flix_app2UITests.framework */,
			);
			name = Frameworks;
			sourceTree = "<group>";
		};
		B88AC05921430ED00012C427 = {
			isa = PBXGroup;
			children = (
				B88AC06421430ED00012C427 /* flix_app2 */,
				B88AC07921430ED30012C427 /* flix_app2Tests */,
				B88AC08421430ED30012C427 /* flix_app2UITests */,
				B88AC06321430ED00012C427 /* Products */,
				DA417C7E28ECDF87DB242BD7 /* Pods */,
				165EF08887C97692EEFA50E9 /* Frameworks */,
			);
			sourceTree = "<group>";
		};
		B88AC06321430ED00012C427 /* Products */ = {
			isa = PBXGroup;
			children = (
				B88AC06221430ED00012C427 /* flix_app2.app */,
				B88AC07621430ED30012C427 /* flix_app2Tests.xctest */,
				B88AC08121430ED30012C427 /* flix_app2UITests.xctest */,
			);
			name = Products;
			sourceTree = "<group>";
		};
		B88AC06421430ED00012C427 /* flix_app2 */ = {
			isa = PBXGroup;
			children = (
				B8C36E0F214887ED007FDC2F /* Views */,
				B8C36E0E214887C3007FDC2F /* ViewControllers */,
				B88AC06521430ED00012C427 /* AppDelegate.swift */,
				B88AC06921430ED00012C427 /* Main.storyboard */,
				B88AC06C21430ED30012C427 /* Assets.xcassets */,
				B88AC06E21430ED30012C427 /* LaunchScreen.storyboard */,
				B88AC07121430ED30012C427 /* Info.plist */,
				B848A003216C14290081836B /* Movie.swift */,
				B848A005216C51620081836B /* MovieApiManager.swift */,
			);
			path = flix_app2;
			sourceTree = "<group>";
		};
		B88AC07921430ED30012C427 /* flix_app2Tests */ = {
			isa = PBXGroup;
			children = (
				B88AC07A21430ED30012C427 /* flix_app2Tests.swift */,
				B88AC07C21430ED30012C427 /* Info.plist */,
			);
			path = flix_app2Tests;
			sourceTree = "<group>";
		};
		B88AC08421430ED30012C427 /* flix_app2UITests */ = {
			isa = PBXGroup;
			children = (
				B88AC08521430ED30012C427 /* flix_app2UITests.swift */,
				B88AC08721430ED30012C427 /* Info.plist */,
			);
			path = flix_app2UITests;
			sourceTree = "<group>";
		};
		B8C36E0E214887C3007FDC2F /* ViewControllers */ = {
			isa = PBXGroup;
			children = (
				B88AC093214315F50012C427 /* MoviesViewController.swift */,
				B8C36E1021488841007FDC2F /* DetailViewController.swift */,
				B8C36E1421489350007FDC2F /* SuperheroViewController.swift */,
				B848A007216C5BEF0081836B /* PopularViewController.swift */,
			);
			path = ViewControllers;
			sourceTree = "<group>";
		};
		B8C36E0F214887ED007FDC2F /* Views */ = {
			isa = PBXGroup;
			children = (
				B88AC0952144716B0012C427 /* MovieCell.swift */,
				B8C36E12214892F5007FDC2F /* PosterCell.swift */,
				B848A009216C5DB50081836B /* PopularMovieCell.swift */,
			);
			path = Views;
			sourceTree = "<group>";
		};
		DA417C7E28ECDF87DB242BD7 /* Pods */ = {
			isa = PBXGroup;
			children = (
				4DF4ABEF0B5B432BD3A6175C /* Pods-flix_app2.debug.xcconfig */,
				9754083CA67CBA3EB72410B7 /* Pods-flix_app2.release.xcconfig */,
				16B3BE03A32E7B64C6500DD3 /* Pods-flix_app2Tests.debug.xcconfig */,
				4030B5BF7E571A066EE58990 /* Pods-flix_app2Tests.release.xcconfig */,
				C049CB4A9CFB91B72D946100 /* Pods-flix_app2UITests.debug.xcconfig */,
				39FBD69B58F9079BA1B875CE /* Pods-flix_app2UITests.release.xcconfig */,
			);
			name = Pods;
			sourceTree = "<group>";
		};
/* End PBXGroup section */

/* Begin PBXNativeTarget section */
		B88AC06121430ED00012C427 /* flix_app2 */ = {
			isa = PBXNativeTarget;
			buildConfigurationList = B88AC08A21430ED30012C427 /* Build configuration list for PBXNativeTarget "flix_app2" */;
			buildPhases = (
				997CBE5E00DFC58789254054 /* [CP] Check Pods Manifest.lock */,
				B88AC05E21430ED00012C427 /* Sources */,
				B88AC05F21430ED00012C427 /* Frameworks */,
				B88AC06021430ED00012C427 /* Resources */,
				491653D68A5ABE63DAC15354 /* [CP] Embed Pods Frameworks */,
			);
			buildRules = (
			);
			dependencies = (
			);
			name = flix_app2;
			productName = flix_app2;
			productReference = B88AC06221430ED00012C427 /* flix_app2.app */;
			productType = "com.apple.product-type.application";
		};
		B88AC07521430ED30012C427 /* flix_app2Tests */ = {
			isa = PBXNativeTarget;
			buildConfigurationList = B88AC08D21430ED30012C427 /* Build configuration list for PBXNativeTarget "flix_app2Tests" */;
			buildPhases = (
				DB54897535C35A17D6945B2E /* [CP] Check Pods Manifest.lock */,
				B88AC07221430ED30012C427 /* Sources */,
				B88AC07321430ED30012C427 /* Frameworks */,
				B88AC07421430ED30012C427 /* Resources */,
			);
			buildRules = (
			);
			dependencies = (
				B88AC07821430ED30012C427 /* PBXTargetDependency */,
			);
			name = flix_app2Tests;
			productName = flix_app2Tests;
			productReference = B88AC07621430ED30012C427 /* flix_app2Tests.xctest */;
			productType = "com.apple.product-type.bundle.unit-test";
		};
		B88AC08021430ED30012C427 /* flix_app2UITests */ = {
			isa = PBXNativeTarget;
			buildConfigurationList = B88AC09021430ED30012C427 /* Build configuration list for PBXNativeTarget "flix_app2UITests" */;
			buildPhases = (
				00DED416F634270A2B6364D5 /* [CP] Check Pods Manifest.lock */,
				B88AC07D21430ED30012C427 /* Sources */,
				B88AC07E21430ED30012C427 /* Frameworks */,
				B88AC07F21430ED30012C427 /* Resources */,
			);
			buildRules = (
			);
			dependencies = (
				B88AC08321430ED30012C427 /* PBXTargetDependency */,
			);
			name = flix_app2UITests;
			productName = flix_app2UITests;
			productReference = B88AC08121430ED30012C427 /* flix_app2UITests.xctest */;
			productType = "com.apple.product-type.bundle.ui-testing";
		};
/* End PBXNativeTarget section */

/* Begin PBXProject section */
		B88AC05A21430ED00012C427 /* Project object */ = {
			isa = PBXProject;
			attributes = {
				LastSwiftUpdateCheck = 0940;
				LastUpgradeCheck = 0940;
				ORGANIZATIONNAME = "Robert Bolt";
				TargetAttributes = {
					B88AC06121430ED00012C427 = {
						CreatedOnToolsVersion = 9.4.1;
					};
					B88AC07521430ED30012C427 = {
						CreatedOnToolsVersion = 9.4.1;
						TestTargetID = B88AC06121430ED00012C427;
					};
					B88AC08021430ED30012C427 = {
						CreatedOnToolsVersion = 9.4.1;
						TestTargetID = B88AC06121430ED00012C427;
					};
				};
			};
			buildConfigurationList = B88AC05D21430ED00012C427 /* Build configuration list for PBXProject "flix_app2" */;
			compatibilityVersion = "Xcode 9.3";
			developmentRegion = en;
			hasScannedForEncodings = 0;
			knownRegions = (
				en,
				Base,
			);
			mainGroup = B88AC05921430ED00012C427;
			productRefGroup = B88AC06321430ED00012C427 /* Products */;
			projectDirPath = "";
			projectRoot = "";
			targets = (
				B88AC06121430ED00012C427 /* flix_app2 */,
				B88AC07521430ED30012C427 /* flix_app2Tests */,
				B88AC08021430ED30012C427 /* flix_app2UITests */,
			);
		};
/* End PBXProject section */

/* Begin PBXResourcesBuildPhase section */
		B88AC06021430ED00012C427 /* Resources */ = {
			isa = PBXResourcesBuildPhase;
			buildActionMask = 2147483647;
			files = (
				B88AC07021430ED30012C427 /* LaunchScreen.storyboard in Resources */,
				B88AC06D21430ED30012C427 /* Assets.xcassets in Resources */,
				B88AC06B21430ED00012C427 /* Main.storyboard in Resources */,
			);
			runOnlyForDeploymentPostprocessing = 0;
		};
		B88AC07421430ED30012C427 /* Resources */ = {
			isa = PBXResourcesBuildPhase;
			buildActionMask = 2147483647;
			files = (
			);
			runOnlyForDeploymentPostprocessing = 0;
		};
		B88AC07F21430ED30012C427 /* Resources */ = {
			isa = PBXResourcesBuildPhase;
			buildActionMask = 2147483647;
			files = (
			);
			runOnlyForDeploymentPostprocessing = 0;
		};
/* End PBXResourcesBuildPhase section */

/* Begin PBXShellScriptBuildPhase section */
		00DED416F634270A2B6364D5 /* [CP] Check Pods Manifest.lock */ = {
			isa = PBXShellScriptBuildPhase;
			buildActionMask = 2147483647;
			files = (
			);
			inputPaths = (
				"${PODS_PODFILE_DIR_PATH}/Podfile.lock",
				"${PODS_ROOT}/Manifest.lock",
			);
			name = "[CP] Check Pods Manifest.lock";
			outputPaths = (
				"$(DERIVED_FILE_DIR)/Pods-flix_app2UITests-checkManifestLockResult.txt",
			);
			runOnlyForDeploymentPostprocessing = 0;
			shellPath = /bin/sh;
			shellScript = "diff \"${PODS_PODFILE_DIR_PATH}/Podfile.lock\" \"${PODS_ROOT}/Manifest.lock\" > /dev/null\nif [ $? != 0 ] ; then\n    # print error to STDERR\n    echo \"error: The sandbox is not in sync with the Podfile.lock. Run 'pod install' or update your CocoaPods installation.\" >&2\n    exit 1\nfi\n# This output is used by Xcode 'outputs' to avoid re-running this script phase.\necho \"SUCCESS\" > \"${SCRIPT_OUTPUT_FILE_0}\"\n";
			showEnvVarsInLog = 0;
		};
		491653D68A5ABE63DAC15354 /* [CP] Embed Pods Frameworks */ = {
			isa = PBXShellScriptBuildPhase;
			buildActionMask = 2147483647;
			files = (
			);
			inputPaths = (
				"${SRCROOT}/Pods/Target Support Files/Pods-flix_app2/Pods-flix_app2-frameworks.sh",
				"${BUILT_PRODUCTS_DIR}/Alamofire/Alamofire.framework",
				"${BUILT_PRODUCTS_DIR}/AlamofireImage/AlamofireImage.framework",
			);
			name = "[CP] Embed Pods Frameworks";
			outputPaths = (
				"${TARGET_BUILD_DIR}/${FRAMEWORKS_FOLDER_PATH}/Alamofire.framework",
				"${TARGET_BUILD_DIR}/${FRAMEWORKS_FOLDER_PATH}/AlamofireImage.framework",
			);
			runOnlyForDeploymentPostprocessing = 0;
			shellPath = /bin/sh;
			shellScript = "\"${SRCROOT}/Pods/Target Support Files/Pods-flix_app2/Pods-flix_app2-frameworks.sh\"\n";
			showEnvVarsInLog = 0;
		};
		997CBE5E00DFC58789254054 /* [CP] Check Pods Manifest.lock */ = {
			isa = PBXShellScriptBuildPhase;
			buildActionMask = 2147483647;
			files = (
			);
			inputPaths = (
				"${PODS_PODFILE_DIR_PATH}/Podfile.lock",
				"${PODS_ROOT}/Manifest.lock",
			);
			name = "[CP] Check Pods Manifest.lock";
			outputPaths = (
				"$(DERIVED_FILE_DIR)/Pods-flix_app2-checkManifestLockResult.txt",
			);
			runOnlyForDeploymentPostprocessing = 0;
			shellPath = /bin/sh;
			shellScript = "diff \"${PODS_PODFILE_DIR_PATH}/Podfile.lock\" \"${PODS_ROOT}/Manifest.lock\" > /dev/null\nif [ $? != 0 ] ; then\n    # print error to STDERR\n    echo \"error: The sandbox is not in sync with the Podfile.lock. Run 'pod install' or update your CocoaPods installation.\" >&2\n    exit 1\nfi\n# This output is used by Xcode 'outputs' to avoid re-running this script phase.\necho \"SUCCESS\" > \"${SCRIPT_OUTPUT_FILE_0}\"\n";
			showEnvVarsInLog = 0;
		};
		DB54897535C35A17D6945B2E /* [CP] Check Pods Manifest.lock */ = {
			isa = PBXShellScriptBuildPhase;
			buildActionMask = 2147483647;
			files = (
			);
			inputPaths = (
				"${PODS_PODFILE_DIR_PATH}/Podfile.lock",
				"${PODS_ROOT}/Manifest.lock",
			);
			name = "[CP] Check Pods Manifest.lock";
			outputPaths = (
				"$(DERIVED_FILE_DIR)/Pods-flix_app2Tests-checkManifestLockResult.txt",
			);
			runOnlyForDeploymentPostprocessing = 0;
			shellPath = /bin/sh;
			shellScript = "diff \"${PODS_PODFILE_DIR_PATH}/Podfile.lock\" \"${PODS_ROOT}/Manifest.lock\" > /dev/null\nif [ $? != 0 ] ; then\n    # print error to STDERR\n    echo \"error: The sandbox is not in sync with the Podfile.lock. Run 'pod install' or update your CocoaPods installation.\" >&2\n    exit 1\nfi\n# This output is used by Xcode 'outputs' to avoid re-running this script phase.\necho \"SUCCESS\" > \"${SCRIPT_OUTPUT_FILE_0}\"\n";
			showEnvVarsInLog = 0;
		};
/* End PBXShellScriptBuildPhase section */

/* Begin PBXSourcesBuildPhase section */
		B88AC05E21430ED00012C427 /* Sources */ = {
			isa = PBXSourcesBuildPhase;
			buildActionMask = 2147483647;
			files = (
				B848A004216C14290081836B /* Movie.swift in Sources */,
				B88AC06621430ED00012C427 /* AppDelegate.swift in Sources */,
				B848A00A216C5DB50081836B /* PopularMovieCell.swift in Sources */,
				B8C36E13214892F5007FDC2F /* PosterCell.swift in Sources */,
				B848A008216C5BEF0081836B /* PopularViewController.swift in Sources */,
				B8C36E1521489350007FDC2F /* SuperheroViewController.swift in Sources */,
				B88AC094214315F50012C427 /* MoviesViewController.swift in Sources */,
				B848A006216C51620081836B /* MovieApiManager.swift in Sources */,
				B88AC0962144716B0012C427 /* MovieCell.swift in Sources */,
				B8C36E1121488841007FDC2F /* DetailViewController.swift in Sources */,
			);
			runOnlyForDeploymentPostprocessing = 0;
		};
		B88AC07221430ED30012C427 /* Sources */ = {
			isa = PBXSourcesBuildPhase;
			buildActionMask = 2147483647;
			files = (
				B88AC07B21430ED30012C427 /* flix_app2Tests.swift in Sources */,
			);
			runOnlyForDeploymentPostprocessing = 0;
		};
		B88AC07D21430ED30012C427 /* Sources */ = {
			isa = PBXSourcesBuildPhase;
			buildActionMask = 2147483647;
			files = (
				B88AC08621430ED30012C427 /* flix_app2UITests.swift in Sources */,
			);
			runOnlyForDeploymentPostprocessing = 0;
		};
/* End PBXSourcesBuildPhase section */

/* Begin PBXTargetDependency section */
		B88AC07821430ED30012C427 /* PBXTargetDependency */ = {
			isa = PBXTargetDependency;
			target = B88AC06121430ED00012C427 /* flix_app2 */;
			targetProxy = B88AC07721430ED30012C427 /* PBXContainerItemProxy */;
		};
		B88AC08321430ED30012C427 /* PBXTargetDependency */ = {
			isa = PBXTargetDependency;
			target = B88AC06121430ED00012C427 /* flix_app2 */;
			targetProxy = B88AC08221430ED30012C427 /* PBXContainerItemProxy */;
		};
/* End PBXTargetDependency section */

/* Begin PBXVariantGroup section */
		B88AC06921430ED00012C427 /* Main.storyboard */ = {
			isa = PBXVariantGroup;
			children = (
				B88AC06A21430ED00012C427 /* Base */,
			);
			name = Main.storyboard;
			sourceTree = "<group>";
		};
		B88AC06E21430ED30012C427 /* LaunchScreen.storyboard */ = {
			isa = PBXVariantGroup;
			children = (
				B88AC06F21430ED30012C427 /* Base */,
			);
			name = LaunchScreen.storyboard;
			sourceTree = "<group>";
		};
/* End PBXVariantGroup section */

/* Begin XCBuildConfiguration section */
		B88AC08821430ED30012C427 /* Debug */ = {
			isa = XCBuildConfiguration;
			buildSettings = {
				ALWAYS_SEARCH_USER_PATHS = NO;
				CLANG_ANALYZER_NONNULL = YES;
				CLANG_ANALYZER_NUMBER_OBJECT_CONVERSION = YES_AGGRESSIVE;
				CLANG_CXX_LANGUAGE_STANDARD = "gnu++14";
				CLANG_CXX_LIBRARY = "libc++";
				CLANG_ENABLE_MODULES = YES;
				CLANG_ENABLE_OBJC_ARC = YES;
				CLANG_ENABLE_OBJC_WEAK = YES;
				CLANG_WARN_BLOCK_CAPTURE_AUTORELEASING = YES;
				CLANG_WARN_BOOL_CONVERSION = YES;
				CLANG_WARN_COMMA = YES;
				CLANG_WARN_CONSTANT_CONVERSION = YES;
				CLANG_WARN_DEPRECATED_OBJC_IMPLEMENTATIONS = YES;
				CLANG_WARN_DIRECT_OBJC_ISA_USAGE = YES_ERROR;
				CLANG_WARN_DOCUMENTATION_COMMENTS = YES;
				CLANG_WARN_EMPTY_BODY = YES;
				CLANG_WARN_ENUM_CONVERSION = YES;
				CLANG_WARN_INFINITE_RECURSION = YES;
				CLANG_WARN_INT_CONVERSION = YES;
				CLANG_WARN_NON_LITERAL_NULL_CONVERSION = YES;
				CLANG_WARN_OBJC_IMPLICIT_RETAIN_SELF = YES;
				CLANG_WARN_OBJC_LITERAL_CONVERSION = YES;
				CLANG_WARN_OBJC_ROOT_CLASS = YES_ERROR;
				CLANG_WARN_RANGE_LOOP_ANALYSIS = YES;
				CLANG_WARN_STRICT_PROTOTYPES = YES;
				CLANG_WARN_SUSPICIOUS_MOVE = YES;
				CLANG_WARN_UNGUARDED_AVAILABILITY = YES_AGGRESSIVE;
				CLANG_WARN_UNREACHABLE_CODE = YES;
				CLANG_WARN__DUPLICATE_METHOD_MATCH = YES;
				CODE_SIGN_IDENTITY = "iPhone Developer";
				COPY_PHASE_STRIP = NO;
				DEBUG_INFORMATION_FORMAT = dwarf;
				ENABLE_STRICT_OBJC_MSGSEND = YES;
				ENABLE_TESTABILITY = YES;
				GCC_C_LANGUAGE_STANDARD = gnu11;
				GCC_DYNAMIC_NO_PIC = NO;
				GCC_NO_COMMON_BLOCKS = YES;
				GCC_OPTIMIZATION_LEVEL = 0;
				GCC_PREPROCESSOR_DEFINITIONS = (
					"DEBUG=1",
					"$(inherited)",
				);
				GCC_WARN_64_TO_32_BIT_CONVERSION = YES;
				GCC_WARN_ABOUT_RETURN_TYPE = YES_ERROR;
				GCC_WARN_UNDECLARED_SELECTOR = YES;
				GCC_WARN_UNINITIALIZED_AUTOS = YES_AGGRESSIVE;
				GCC_WARN_UNUSED_FUNCTION = YES;
				GCC_WARN_UNUSED_VARIABLE = YES;
				IPHONEOS_DEPLOYMENT_TARGET = 11.4;
				MTL_ENABLE_DEBUG_INFO = YES;
				ONLY_ACTIVE_ARCH = YES;
				SDKROOT = iphoneos;
				SWIFT_ACTIVE_COMPILATION_CONDITIONS = DEBUG;
				SWIFT_OPTIMIZATION_LEVEL = "-Onone";
			};
			name = Debug;
		};
		B88AC08921430ED30012C427 /* Release */ = {
			isa = XCBuildConfiguration;
			buildSettings = {
				ALWAYS_SEARCH_USER_PATHS = NO;
				CLANG_ANALYZER_NONNULL = YES;
				CLANG_ANALYZER_NUMBER_OBJECT_CONVERSION = YES_AGGRESSIVE;
				CLANG_CXX_LANGUAGE_STANDARD = "gnu++14";
				CLANG_CXX_LIBRARY = "libc++";
				CLANG_ENABLE_MODULES = YES;
				CLANG_ENABLE_OBJC_ARC = YES;
				CLANG_ENABLE_OBJC_WEAK = YES;
				CLANG_WARN_BLOCK_CAPTURE_AUTORELEASING = YES;
				CLANG_WARN_BOOL_CONVERSION = YES;
				CLANG_WARN_COMMA = YES;
				CLANG_WARN_CONSTANT_CONVERSION = YES;
				CLANG_WARN_DEPRECATED_OBJC_IMPLEMENTATIONS = YES;
				CLANG_WARN_DIRECT_OBJC_ISA_USAGE = YES_ERROR;
				CLANG_WARN_DOCUMENTATION_COMMENTS = YES;
				CLANG_WARN_EMPTY_BODY = YES;
				CLANG_WARN_ENUM_CONVERSION = YES;
				CLANG_WARN_INFINITE_RECURSION = YES;
				CLANG_WARN_INT_CONVERSION = YES;
				CLANG_WARN_NON_LITERAL_NULL_CONVERSION = YES;
				CLANG_WARN_OBJC_IMPLICIT_RETAIN_SELF = YES;
				CLANG_WARN_OBJC_LITERAL_CONVERSION = YES;
				CLANG_WARN_OBJC_ROOT_CLASS = YES_ERROR;
				CLANG_WARN_RANGE_LOOP_ANALYSIS = YES;
				CLANG_WARN_STRICT_PROTOTYPES = YES;
				CLANG_WARN_SUSPICIOUS_MOVE = YES;
				CLANG_WARN_UNGUARDED_AVAILABILITY = YES_AGGRESSIVE;
				CLANG_WARN_UNREACHABLE_CODE = YES;
				CLANG_WARN__DUPLICATE_METHOD_MATCH = YES;
				CODE_SIGN_IDENTITY = "iPhone Developer";
				COPY_PHASE_STRIP = NO;
				DEBUG_INFORMATION_FORMAT = "dwarf-with-dsym";
				ENABLE_NS_ASSERTIONS = NO;
				ENABLE_STRICT_OBJC_MSGSEND = YES;
				GCC_C_LANGUAGE_STANDARD = gnu11;
				GCC_NO_COMMON_BLOCKS = YES;
				GCC_WARN_64_TO_32_BIT_CONVERSION = YES;
				GCC_WARN_ABOUT_RETURN_TYPE = YES_ERROR;
				GCC_WARN_UNDECLARED_SELECTOR = YES;
				GCC_WARN_UNINITIALIZED_AUTOS = YES_AGGRESSIVE;
				GCC_WARN_UNUSED_FUNCTION = YES;
				GCC_WARN_UNUSED_VARIABLE = YES;
				IPHONEOS_DEPLOYMENT_TARGET = 11.4;
				MTL_ENABLE_DEBUG_INFO = NO;
				SDKROOT = iphoneos;
				SWIFT_COMPILATION_MODE = wholemodule;
				SWIFT_OPTIMIZATION_LEVEL = "-O";
				VALIDATE_PRODUCT = YES;
			};
			name = Release;
		};
		B88AC08B21430ED30012C427 /* Debug */ = {
			isa = XCBuildConfiguration;
			baseConfigurationReference = 4DF4ABEF0B5B432BD3A6175C /* Pods-flix_app2.debug.xcconfig */;
			buildSettings = {
				ASSETCATALOG_COMPILER_APPICON_NAME = AppIcon;
				CODE_SIGN_STYLE = Automatic;
				DEVELOPMENT_TEAM = RFMDGEE68W;
				INFOPLIST_FILE = flix_app2/Info.plist;
				LD_RUNPATH_SEARCH_PATHS = (
					"$(inherited)",
					"@executable_path/Frameworks",
				);
				PRODUCT_BUNDLE_IDENTIFIER = "com.codepath.flix-app2";
				PRODUCT_NAME = "$(TARGET_NAME)";
				SWIFT_VERSION = 4.0;
				TARGETED_DEVICE_FAMILY = "1,2";
			};
			name = Debug;
		};
		B88AC08C21430ED30012C427 /* Release */ = {
			isa = XCBuildConfiguration;
			baseConfigurationReference = 9754083CA67CBA3EB72410B7 /* Pods-flix_app2.release.xcconfig */;
			buildSettings = {
				ASSETCATALOG_COMPILER_APPICON_NAME = AppIcon;
				CODE_SIGN_STYLE = Automatic;
				DEVELOPMENT_TEAM = RFMDGEE68W;
				INFOPLIST_FILE = flix_app2/Info.plist;
				LD_RUNPATH_SEARCH_PATHS = (
					"$(inherited)",
					"@executable_path/Frameworks",
				);
				PRODUCT_BUNDLE_IDENTIFIER = "com.codepath.flix-app2";
				PRODUCT_NAME = "$(TARGET_NAME)";
				SWIFT_VERSION = 4.0;
				TARGETED_DEVICE_FAMILY = "1,2";
			};
			name = Release;
		};
		B88AC08E21430ED30012C427 /* Debug */ = {
			isa = XCBuildConfiguration;
			baseConfigurationReference = 16B3BE03A32E7B64C6500DD3 /* Pods-flix_app2Tests.debug.xcconfig */;
			buildSettings = {
				ALWAYS_EMBED_SWIFT_STANDARD_LIBRARIES = YES;
				BUNDLE_LOADER = "$(TEST_HOST)";
				CODE_SIGN_STYLE = Automatic;
				DEVELOPMENT_TEAM = RFMDGEE68W;
				INFOPLIST_FILE = flix_app2Tests/Info.plist;
				LD_RUNPATH_SEARCH_PATHS = (
					"$(inherited)",
					"@executable_path/Frameworks",
					"@loader_path/Frameworks",
				);
				PRODUCT_BUNDLE_IDENTIFIER = "com.codepath.flix-app2Tests";
				PRODUCT_NAME = "$(TARGET_NAME)";
				SWIFT_VERSION = 4.0;
				TARGETED_DEVICE_FAMILY = "1,2";
				TEST_HOST = "$(BUILT_PRODUCTS_DIR)/flix_app2.app/flix_app2";
			};
			name = Debug;
		};
		B88AC08F21430ED30012C427 /* Release */ = {
			isa = XCBuildConfiguration;
			baseConfigurationReference = 4030B5BF7E571A066EE58990 /* Pods-flix_app2Tests.release.xcconfig */;
			buildSettings = {
				ALWAYS_EMBED_SWIFT_STANDARD_LIBRARIES = YES;
				BUNDLE_LOADER = "$(TEST_HOST)";
				CODE_SIGN_STYLE = Automatic;
				DEVELOPMENT_TEAM = RFMDGEE68W;
				INFOPLIST_FILE = flix_app2Tests/Info.plist;
				LD_RUNPATH_SEARCH_PATHS = (
					"$(inherited)",
					"@executable_path/Frameworks",
					"@loader_path/Frameworks",
				);
				PRODUCT_BUNDLE_IDENTIFIER = "com.codepath.flix-app2Tests";
				PRODUCT_NAME = "$(TARGET_NAME)";
				SWIFT_VERSION = 4.0;
				TARGETED_DEVICE_FAMILY = "1,2";
				TEST_HOST = "$(BUILT_PRODUCTS_DIR)/flix_app2.app/flix_app2";
			};
			name = Release;
		};
		B88AC09121430ED30012C427 /* Debug */ = {
			isa = XCBuildConfiguration;
			baseConfigurationReference = C049CB4A9CFB91B72D946100 /* Pods-flix_app2UITests.debug.xcconfig */;
			buildSettings = {
				ALWAYS_EMBED_SWIFT_STANDARD_LIBRARIES = YES;
				CODE_SIGN_STYLE = Automatic;
				DEVELOPMENT_TEAM = RFMDGEE68W;
				INFOPLIST_FILE = flix_app2UITests/Info.plist;
				LD_RUNPATH_SEARCH_PATHS = (
					"$(inherited)",
					"@executable_path/Frameworks",
					"@loader_path/Frameworks",
				);
				PRODUCT_BUNDLE_IDENTIFIER = "com.codepath.flix-app2UITests";
				PRODUCT_NAME = "$(TARGET_NAME)";
				SWIFT_VERSION = 4.0;
				TARGETED_DEVICE_FAMILY = "1,2";
				TEST_TARGET_NAME = flix_app2;
			};
			name = Debug;
		};
		B88AC09221430ED30012C427 /* Release */ = {
			isa = XCBuildConfiguration;
			baseConfigurationReference = 39FBD69B58F9079BA1B875CE /* Pods-flix_app2UITests.release.xcconfig */;
			buildSettings = {
				ALWAYS_EMBED_SWIFT_STANDARD_LIBRARIES = YES;
				CODE_SIGN_STYLE = Automatic;
				DEVELOPMENT_TEAM = RFMDGEE68W;
				INFOPLIST_FILE = flix_app2UITests/Info.plist;
				LD_RUNPATH_SEARCH_PATHS = (
					"$(inherited)",
					"@executable_path/Frameworks",
					"@loader_path/Frameworks",
				);
				PRODUCT_BUNDLE_IDENTIFIER = "com.codepath.flix-app2UITests";
				PRODUCT_NAME = "$(TARGET_NAME)";
				SWIFT_VERSION = 4.0;
				TARGETED_DEVICE_FAMILY = "1,2";
				TEST_TARGET_NAME = flix_app2;
			};
			name = Release;
		};
/* End XCBuildConfiguration section */

/* Begin XCConfigurationList section */
		B88AC05D21430ED00012C427 /* Build configuration list for PBXProject "flix_app2" */ = {
			isa = XCConfigurationList;
			buildConfigurations = (
				B88AC08821430ED30012C427 /* Debug */,
				B88AC08921430ED30012C427 /* Release */,
			);
			defaultConfigurationIsVisible = 0;
			defaultConfigurationName = Release;
		};
		B88AC08A21430ED30012C427 /* Build configuration list for PBXNativeTarget "flix_app2" */ = {
			isa = XCConfigurationList;
			buildConfigurations = (
				B88AC08B21430ED30012C427 /* Debug */,
				B88AC08C21430ED30012C427 /* Release */,
			);
			defaultConfigurationIsVisible = 0;
			defaultConfigurationName = Release;
		};
		B88AC08D21430ED30012C427 /* Build configuration list for PBXNativeTarget "flix_app2Tests" */ = {
			isa = XCConfigurationList;
			buildConfigurations = (
				B88AC08E21430ED30012C427 /* Debug */,
				B88AC08F21430ED30012C427 /* Release */,
			);
			defaultConfigurationIsVisible = 0;
			defaultConfigurationName = Release;
		};
		B88AC09021430ED30012C427 /* Build configuration list for PBXNativeTarget "flix_app2UITests" */ = {
			isa = XCConfigurationList;
			buildConfigurations = (
				B88AC09121430ED30012C427 /* Debug */,
				B88AC09221430ED30012C427 /* Release */,
			);
			defaultConfigurationIsVisible = 0;
			defaultConfigurationName = Release;
		};
/* End XCConfigurationList section */
	};
	rootObject = B88AC05A21430ED00012C427 /* Project object */;
}
